
Microsoft Visual Studio Solution File, Format Version 12.00
# Visual Studio 14
VisualStudioVersion = 14.0.25420.1
MinimumVisualStudioVersion = 10.0.40219.1
Project("{FAE04EC0-301F-11D3-BF4B-00C04F79EFBC}") = "Grapevine", "Grapevine\Grapevine.csproj", "{C79E6853-F7A0-426F-883C-169651123256}"
EndProject
Project("{FAE04EC0-301F-11D3-BF4B-00C04F79EFBC}") = "Grapevine.Local", "Grapevine.Local\Grapevine.Local.csproj", "{4CD3FE83-50DA-4E06-9038-438C8101AA7E}"
EndProject
Project("{FAE04EC0-301F-11D3-BF4B-00C04F79EFBC}") = "Grapevine.Tests", "Grapevine.Tests\Grapevine.Tests.csproj", "{286B5DFD-1AE6-4478-9650-5DE4C348B0F2}"
EndProject
Project("{FAE04EC0-301F-11D3-BF4B-00C04F79EFBC}") = "Grapevine.Tests.Assembly", "Grapevine.Tests.Assembly\Grapevine.Tests.Assembly.csproj", "{57CCC133-CF53-4D0C-9452-C661E86A5216}"
EndProject
Global
	GlobalSection(SolutionConfigurationPlatforms) = preSolution
		Debug|Any CPU = Debug|Any CPU
		DebugNET40|Any CPU = DebugNET40|Any CPU
		DebugNET45|Any CPU = DebugNET45|Any CPU
		DebugNET451|Any CPU = DebugNET451|Any CPU
		DebugNET452|Any CPU = DebugNET452|Any CPU
		DebugNET46|Any CPU = DebugNET46|Any CPU
		DebugNET461|Any CPU = DebugNET461|Any CPU
		Release|Any CPU = Release|Any CPU
		ReleaseNET40|Any CPU = ReleaseNET40|Any CPU
		ReleaseNET45|Any CPU = ReleaseNET45|Any CPU
		ReleaseNET451|Any CPU = ReleaseNET451|Any CPU
		ReleaseNET452|Any CPU = ReleaseNET452|Any CPU
		ReleaseNET46|Any CPU = ReleaseNET46|Any CPU
		ReleaseNET461|Any CPU = ReleaseNET461|Any CPU
	EndGlobalSection
	GlobalSection(ProjectConfigurationPlatforms) = postSolution
		{C79E6853-F7A0-426F-883C-169651123256}.Debug|Any CPU.ActiveCfg = Debug|Any CPU
		{C79E6853-F7A0-426F-883C-169651123256}.Debug|Any CPU.Build.0 = Debug|Any CPU
		{C79E6853-F7A0-426F-883C-169651123256}.DebugNET40|Any CPU.ActiveCfg = DebugNET40|Any CPU
		{C79E6853-F7A0-426F-883C-169651123256}.DebugNET40|Any CPU.Build.0 = DebugNET40|Any CPU
		{C79E6853-F7A0-426F-883C-169651123256}.DebugNET45|Any CPU.ActiveCfg = DebugNET45|Any CPU
		{C79E6853-F7A0-426F-883C-169651123256}.DebugNET45|Any CPU.Build.0 = DebugNET45|Any CPU
		{C79E6853-F7A0-426F-883C-169651123256}.DebugNET451|Any CPU.ActiveCfg = DebugNET451|Any CPU
		{C79E6853-F7A0-426F-883C-169651123256}.DebugNET451|Any CPU.Build.0 = DebugNET451|Any CPU
		{C79E6853-F7A0-426F-883C-169651123256}.DebugNET452|Any CPU.ActiveCfg = DebugNET452|Any CPU
		{C79E6853-F7A0-426F-883C-169651123256}.DebugNET452|Any CPU.Build.0 = DebugNET452|Any CPU
		{C79E6853-F7A0-426F-883C-169651123256}.DebugNET46|Any CPU.ActiveCfg = DebugNET46|Any CPU
		{C79E6853-F7A0-426F-883C-169651123256}.DebugNET46|Any CPU.Build.0 = DebugNET46|Any CPU
		{C79E6853-F7A0-426F-883C-169651123256}.DebugNET461|Any CPU.ActiveCfg = DebugNET461|Any CPU
		{C79E6853-F7A0-426F-883C-169651123256}.DebugNET461|Any CPU.Build.0 = DebugNET461|Any CPU
		{C79E6853-F7A0-426F-883C-169651123256}.Release|Any CPU.ActiveCfg = Release|Any CPU
		{C79E6853-F7A0-426F-883C-169651123256}.Release|Any CPU.Build.0 = Release|Any CPU
		{C79E6853-F7A0-426F-883C-169651123256}.ReleaseNET40|Any CPU.ActiveCfg = ReleaseNET40|Any CPU
		{C79E6853-F7A0-426F-883C-169651123256}.ReleaseNET40|Any CPU.Build.0 = ReleaseNET40|Any CPU
		{C79E6853-F7A0-426F-883C-169651123256}.ReleaseNET45|Any CPU.ActiveCfg = ReleaseNET45|Any CPU
		{C79E6853-F7A0-426F-883C-169651123256}.ReleaseNET45|Any CPU.Build.0 = ReleaseNET45|Any CPU
		{C79E6853-F7A0-426F-883C-169651123256}.ReleaseNET451|Any CPU.ActiveCfg = ReleaseNET451|Any CPU
		{C79E6853-F7A0-426F-883C-169651123256}.ReleaseNET451|Any CPU.Build.0 = ReleaseNET451|Any CPU
		{C79E6853-F7A0-426F-883C-169651123256}.ReleaseNET452|Any CPU.ActiveCfg = ReleaseNET452|Any CPU
		{C79E6853-F7A0-426F-883C-169651123256}.ReleaseNET452|Any CPU.Build.0 = ReleaseNET452|Any CPU
		{C79E6853-F7A0-426F-883C-169651123256}.ReleaseNET46|Any CPU.ActiveCfg = ReleaseNET46|Any CPU
		{C79E6853-F7A0-426F-883C-169651123256}.ReleaseNET46|Any CPU.Build.0 = ReleaseNET46|Any CPU
		{C79E6853-F7A0-426F-883C-169651123256}.ReleaseNET461|Any CPU.ActiveCfg = ReleaseNET461|Any CPU
		{C79E6853-F7A0-426F-883C-169651123256}.ReleaseNET461|Any CPU.Build.0 = ReleaseNET461|Any CPU
		{4CD3FE83-50DA-4E06-9038-438C8101AA7E}.Debug|Any CPU.ActiveCfg = Debug|Any CPU
		{4CD3FE83-50DA-4E06-9038-438C8101AA7E}.Debug|Any CPU.Build.0 = Debug|Any CPU
		{4CD3FE83-50DA-4E06-9038-438C8101AA7E}.DebugNET40|Any CPU.ActiveCfg = DebugNET40|Any CPU
		{4CD3FE83-50DA-4E06-9038-438C8101AA7E}.DebugNET40|Any CPU.Build.0 = DebugNET40|Any CPU
		{4CD3FE83-50DA-4E06-9038-438C8101AA7E}.DebugNET45|Any CPU.ActiveCfg = DebugNET45|Any CPU
		{4CD3FE83-50DA-4E06-9038-438C8101AA7E}.DebugNET45|Any CPU.Build.0 = DebugNET45|Any CPU
		{4CD3FE83-50DA-4E06-9038-438C8101AA7E}.DebugNET451|Any CPU.ActiveCfg = DebugNET451|Any CPU
		{4CD3FE83-50DA-4E06-9038-438C8101AA7E}.DebugNET451|Any CPU.Build.0 = DebugNET451|Any CPU
		{4CD3FE83-50DA-4E06-9038-438C8101AA7E}.DebugNET452|Any CPU.ActiveCfg = DebugNET452|Any CPU
		{4CD3FE83-50DA-4E06-9038-438C8101AA7E}.DebugNET452|Any CPU.Build.0 = DebugNET452|Any CPU
		{4CD3FE83-50DA-4E06-9038-438C8101AA7E}.DebugNET46|Any CPU.ActiveCfg = DebugNET46|Any CPU
		{4CD3FE83-50DA-4E06-9038-438C8101AA7E}.DebugNET46|Any CPU.Build.0 = DebugNET46|Any CPU
		{4CD3FE83-50DA-4E06-9038-438C8101AA7E}.DebugNET461|Any CPU.ActiveCfg = DebugNET461|Any CPU
		{4CD3FE83-50DA-4E06-9038-438C8101AA7E}.DebugNET461|Any CPU.Build.0 = DebugNET461|Any CPU
		{4CD3FE83-50DA-4E06-9038-438C8101AA7E}.Release|Any CPU.ActiveCfg = Release|Any CPU
		{4CD3FE83-50DA-4E06-9038-438C8101AA7E}.Release|Any CPU.Build.0 = Release|Any CPU
		{4CD3FE83-50DA-4E06-9038-438C8101AA7E}.ReleaseNET40|Any CPU.ActiveCfg = ReleaseNET40|Any CPU
		{4CD3FE83-50DA-4E06-9038-438C8101AA7E}.ReleaseNET40|Any CPU.Build.0 = ReleaseNET40|Any CPU
		{4CD3FE83-50DA-4E06-9038-438C8101AA7E}.ReleaseNET45|Any CPU.ActiveCfg = ReleaseNET45|Any CPU
		{4CD3FE83-50DA-4E06-9038-438C8101AA7E}.ReleaseNET45|Any CPU.Build.0 = ReleaseNET45|Any CPU
		{4CD3FE83-50DA-4E06-9038-438C8101AA7E}.ReleaseNET451|Any CPU.ActiveCfg = ReleaseNET451|Any CPU
		{4CD3FE83-50DA-4E06-9038-438C8101AA7E}.ReleaseNET451|Any CPU.Build.0 = ReleaseNET451|Any CPU
		{4CD3FE83-50DA-4E06-9038-438C8101AA7E}.ReleaseNET452|Any CPU.ActiveCfg = ReleaseNET452|Any CPU
		{4CD3FE83-50DA-4E06-9038-438C8101AA7E}.ReleaseNET452|Any CPU.Build.0 = ReleaseNET452|Any CPU
		{4CD3FE83-50DA-4E06-9038-438C8101AA7E}.ReleaseNET46|Any CPU.ActiveCfg = ReleaseNET46|Any CPU
		{4CD3FE83-50DA-4E06-9038-438C8101AA7E}.ReleaseNET46|Any CPU.Build.0 = ReleaseNET46|Any CPU
		{4CD3FE83-50DA-4E06-9038-438C8101AA7E}.ReleaseNET461|Any CPU.ActiveCfg = ReleaseNET461|Any CPU
		{4CD3FE83-50DA-4E06-9038-438C8101AA7E}.ReleaseNET461|Any CPU.Build.0 = ReleaseNET461|Any CPU
		{286B5DFD-1AE6-4478-9650-5DE4C348B0F2}.Debug|Any CPU.ActiveCfg = Debug|Any CPU
		{286B5DFD-1AE6-4478-9650-5DE4C348B0F2}.Debug|Any CPU.Build.0 = Debug|Any CPU
		{286B5DFD-1AE6-4478-9650-5DE4C348B0F2}.DebugNET40|Any CPU.ActiveCfg = DebugNET40|Any CPU
		{286B5DFD-1AE6-4478-9650-5DE4C348B0F2}.DebugNET40|Any CPU.Build.0 = DebugNET40|Any CPU
		{286B5DFD-1AE6-4478-9650-5DE4C348B0F2}.DebugNET45|Any CPU.ActiveCfg = DebugNET45|Any CPU
		{286B5DFD-1AE6-4478-9650-5DE4C348B0F2}.DebugNET45|Any CPU.Build.0 = DebugNET45|Any CPU
		{286B5DFD-1AE6-4478-9650-5DE4C348B0F2}.DebugNET451|Any CPU.ActiveCfg = DebugNET451|Any CPU
		{286B5DFD-1AE6-4478-9650-5DE4C348B0F2}.DebugNET451|Any CPU.Build.0 = DebugNET451|Any CPU
		{286B5DFD-1AE6-4478-9650-5DE4C348B0F2}.DebugNET452|Any CPU.ActiveCfg = DebugNET452|Any CPU
		{286B5DFD-1AE6-4478-9650-5DE4C348B0F2}.DebugNET452|Any CPU.Build.0 = DebugNET452|Any CPU
		{286B5DFD-1AE6-4478-9650-5DE4C348B0F2}.DebugNET46|Any CPU.ActiveCfg = DebugNET46|Any CPU
		{286B5DFD-1AE6-4478-9650-5DE4C348B0F2}.DebugNET46|Any CPU.Build.0 = DebugNET46|Any CPU
		{286B5DFD-1AE6-4478-9650-5DE4C348B0F2}.DebugNET461|Any CPU.ActiveCfg = DebugNET461|Any CPU
		{286B5DFD-1AE6-4478-9650-5DE4C348B0F2}.DebugNET461|Any CPU.Build.0 = DebugNET461|Any CPU
		{286B5DFD-1AE6-4478-9650-5DE4C348B0F2}.Release|Any CPU.ActiveCfg = Release|Any CPU
		{286B5DFD-1AE6-4478-9650-5DE4C348B0F2}.Release|Any CPU.Build.0 = Release|Any CPU
		{286B5DFD-1AE6-4478-9650-5DE4C348B0F2}.ReleaseNET40|Any CPU.ActiveCfg = ReleaseNET40|Any CPU
		{286B5DFD-1AE6-4478-9650-5DE4C348B0F2}.ReleaseNET40|Any CPU.Build.0 = ReleaseNET40|Any CPU
		{286B5DFD-1AE6-4478-9650-5DE4C348B0F2}.ReleaseNET45|Any CPU.ActiveCfg = ReleaseNET45|Any CPU
		{286B5DFD-1AE6-4478-9650-5DE4C348B0F2}.ReleaseNET45|Any CPU.Build.0 = ReleaseNET45|Any CPU
		{286B5DFD-1AE6-4478-9650-5DE4C348B0F2}.ReleaseNET451|Any CPU.ActiveCfg = ReleaseNET451|Any CPU
		{286B5DFD-1AE6-4478-9650-5DE4C348B0F2}.ReleaseNET451|Any CPU.Build.0 = ReleaseNET451|Any CPU
		{286B5DFD-1AE6-4478-9650-5DE4C348B0F2}.ReleaseNET452|Any CPU.ActiveCfg = ReleaseNET452|Any CPU
		{286B5DFD-1AE6-4478-9650-5DE4C348B0F2}.ReleaseNET452|Any CPU.Build.0 = ReleaseNET452|Any CPU
		{286B5DFD-1AE6-4478-9650-5DE4C348B0F2}.ReleaseNET46|Any CPU.ActiveCfg = ReleaseNET46|Any CPU
		{286B5DFD-1AE6-4478-9650-5DE4C348B0F2}.ReleaseNET46|Any CPU.Build.0 = ReleaseNET46|Any CPU
		{286B5DFD-1AE6-4478-9650-5DE4C348B0F2}.ReleaseNET461|Any CPU.ActiveCfg = ReleaseNET461|Any CPU
		{286B5DFD-1AE6-4478-9650-5DE4C348B0F2}.ReleaseNET461|Any CPU.Build.0 = ReleaseNET461|Any CPU
		{57CCC133-CF53-4D0C-9452-C661E86A5216}.Debug|Any CPU.ActiveCfg = Debug|Any CPU
		{57CCC133-CF53-4D0C-9452-C661E86A5216}.Debug|Any CPU.Build.0 = Debug|Any CPU
		{57CCC133-CF53-4D0C-9452-C661E86A5216}.DebugNET40|Any CPU.ActiveCfg = DebugNET40|Any CPU
		{57CCC133-CF53-4D0C-9452-C661E86A5216}.DebugNET40|Any CPU.Build.0 = DebugNET40|Any CPU
		{57CCC133-CF53-4D0C-9452-C661E86A5216}.DebugNET45|Any CPU.ActiveCfg = DebugNET45|Any CPU
		{57CCC133-CF53-4D0C-9452-C661E86A5216}.DebugNET45|Any CPU.Build.0 = DebugNET45|Any CPU
		{57CCC133-CF53-4D0C-9452-C661E86A5216}.DebugNET451|Any CPU.ActiveCfg = DebugNET451|Any CPU
		{57CCC133-CF53-4D0C-9452-C661E86A5216}.DebugNET451|Any CPU.Build.0 = DebugNET451|Any CPU
		{57CCC133-CF53-4D0C-9452-C661E86A5216}.DebugNET452|Any CPU.ActiveCfg = DebugNET452|Any CPU
		{57CCC133-CF53-4D0C-9452-C661E86A5216}.DebugNET452|Any CPU.Build.0 = DebugNET452|Any CPU
		{57CCC133-CF53-4D0C-9452-C661E86A5216}.DebugNET46|Any CPU.ActiveCfg = DebugNET46|Any CPU
		{57CCC133-CF53-4D0C-9452-C661E86A5216}.DebugNET46|Any CPU.Build.0 = DebugNET46|Any CPU
		{57CCC133-CF53-4D0C-9452-C661E86A5216}.DebugNET461|Any CPU.ActiveCfg = DebugNET461|Any CPU
		{57CCC133-CF53-4D0C-9452-C661E86A5216}.DebugNET461|Any CPU.Build.0 = DebugNET461|Any CPU
		{57CCC133-CF53-4D0C-9452-C661E86A5216}.Release|Any CPU.ActiveCfg = Release|Any CPU
		{57CCC133-CF53-4D0C-9452-C661E86A5216}.Release|Any CPU.Build.0 = Release|Any CPU
		{57CCC133-CF53-4D0C-9452-C661E86A5216}.ReleaseNET40|Any CPU.ActiveCfg = ReleaseNET40|Any CPU
		{57CCC133-CF53-4D0C-9452-C661E86A5216}.ReleaseNET40|Any CPU.Build.0 = ReleaseNET40|Any CPU
		{57CCC133-CF53-4D0C-9452-C661E86A5216}.ReleaseNET45|Any CPU.ActiveCfg = ReleaseNET45|Any CPU
		{57CCC133-CF53-4D0C-9452-C661E86A5216}.ReleaseNET45|Any CPU.Build.0 = ReleaseNET45|Any CPU
		{57CCC133-CF53-4D0C-9452-C661E86A5216}.ReleaseNET451|Any CPU.ActiveCfg = ReleaseNET451|Any CPU
		{57CCC133-CF53-4D0C-9452-C661E86A5216}.ReleaseNET451|Any CPU.Build.0 = ReleaseNET451|Any CPU
		{57CCC133-CF53-4D0C-9452-C661E86A5216}.ReleaseNET452|Any CPU.ActiveCfg = ReleaseNET452|Any CPU
		{57CCC133-CF53-4D0C-9452-C661E86A5216}.ReleaseNET452|Any CPU.Build.0 = ReleaseNET452|Any CPU
		{57CCC133-CF53-4D0C-9452-C661E86A5216}.ReleaseNET46|Any CPU.ActiveCfg = ReleaseNET46|Any CPU
		{57CCC133-CF53-4D0C-9452-C661E86A5216}.ReleaseNET46|Any CPU.Build.0 = ReleaseNET46|Any CPU
		{57CCC133-CF53-4D0C-9452-C661E86A5216}.ReleaseNET461|Any CPU.ActiveCfg = ReleaseNET461|Any CPU
		{57CCC133-CF53-4D0C-9452-C661E86A5216}.ReleaseNET461|Any CPU.Build.0 = ReleaseNET461|Any CPU
	EndGlobalSection
	GlobalSection(SolutionProperties) = preSolution
		HideSolutionNode = FALSE
	EndGlobalSection
EndGlobal
